// !$*UTF8*$!
{
	archiveVersion = 1;
	classes = {
	};
	objectVersion = 56;
	objects = {

/* Begin PBXBuildFile section */
		2A45C1AC2B8BC6AA00FD8F10 /* NFCService.swift in Sources */ = {isa = PBXBuildFile; fileRef = 2A45C1AB2B8BC6AA00FD8F10 /* NFCService.swift */; };
		2A5F548B2B8EB96600E7F977 /* ConfettiSwiftUI in Frameworks */ = {isa = PBXBuildFile; productRef = 2A5F548A2B8EB96600E7F977 /* ConfettiSwiftUI */; };
		2AD3516E2B89E1F700466EA3 /* Passport_WriterApp.swift in Sources */ = {isa = PBXBuildFile; fileRef = 2AD3516D2B89E1F700466EA3 /* Passport_WriterApp.swift */; };
		2AD351702B89E1F700466EA3 /* ContentView.swift in Sources */ = {isa = PBXBuildFile; fileRef = 2AD3516F2B89E1F700466EA3 /* ContentView.swift */; };
		2AD351722B89E1F800466EA3 /* Assets.xcassets in Resources */ = {isa = PBXBuildFile; fileRef = 2AD351712B89E1F800466EA3 /* Assets.xcassets */; };
		2AD351752B89E1F800466EA3 /* Preview Assets.xcassets in Resources */ = {isa = PBXBuildFile; fileRef = 2AD351742B89E1F800466EA3 /* Preview Assets.xcassets */; };
		2AD3517F2B89E1F900466EA3 /* Passport_WriterTests.swift in Sources */ = {isa = PBXBuildFile; fileRef = 2AD3517E2B89E1F900466EA3 /* Passport_WriterTests.swift */; };
		2AD351892B89E1F900466EA3 /* Passport_WriterUITests.swift in Sources */ = {isa = PBXBuildFile; fileRef = 2AD351882B89E1F900466EA3 /* Passport_WriterUITests.swift */; };
		2AD3518B2B89E1F900466EA3 /* Passport_WriterUITestsLaunchTests.swift in Sources */ = {isa = PBXBuildFile; fileRef = 2AD3518A2B89E1F900466EA3 /* Passport_WriterUITestsLaunchTests.swift */; };
		2AD3519C2B89EBAD00466EA3 /* StatusView.swift in Sources */ = {isa = PBXBuildFile; fileRef = 2AD3519B2B89EBAD00466EA3 /* StatusView.swift */; };
		2AD3519E2B8AD09B00466EA3 /* PassportDetailView.swift in Sources */ = {isa = PBXBuildFile; fileRef = 2AD3519D2B8AD09B00466EA3 /* PassportDetailView.swift */; };
		2AD351A12B8AF84F00466EA3 /* Alamofire in Frameworks */ = {isa = PBXBuildFile; productRef = 2AD351A02B8AF84F00466EA3 /* Alamofire */; };
		2AD351A52B8AF95800466EA3 /* DataService.swift in Sources */ = {isa = PBXBuildFile; fileRef = 2AD351A42B8AF95800466EA3 /* DataService.swift */; };
		E4AA5E472B8FBA2C0042A90F /* Config.plist in Resources */ = {isa = PBXBuildFile; fileRef = E4AA5E462B8FBA2C0042A90F /* Config.plist */; };
		E4AA5E4A2B923F990042A90F /* SignIn.swift in Sources */ = {isa = PBXBuildFile; fileRef = E4AA5E492B923F990042A90F /* SignIn.swift */; };
		E4AA5E4D2B9245750042A90F /* KeychainSwift in Frameworks */ = {isa = PBXBuildFile; productRef = E4AA5E4C2B9245750042A90F /* KeychainSwift */; };
/* End PBXBuildFile section */

/* Begin PBXContainerItemProxy section */
		2AD3517B2B89E1F900466EA3 /* PBXContainerItemProxy */ = {
			isa = PBXContainerItemProxy;
			containerPortal = 2AD351622B89E1F700466EA3 /* Project object */;
			proxyType = 1;
			remoteGlobalIDString = 2AD351692B89E1F700466EA3;
			remoteInfo = "Passport Writer";
		};
		2AD351852B89E1F900466EA3 /* PBXContainerItemProxy */ = {
			isa = PBXContainerItemProxy;
			containerPortal = 2AD351622B89E1F700466EA3 /* Project object */;
			proxyType = 1;
			remoteGlobalIDString = 2AD351692B89E1F700466EA3;
			remoteInfo = "Passport Writer";
		};
/* End PBXContainerItemProxy section */

/* Begin PBXFileReference section */
		2A45C1A82B8BC59900FD8F10 /* Passport Writer.entitlements */ = {isa = PBXFileReference; lastKnownFileType = text.plist.entitlements; path = "Passport Writer.entitlements"; sourceTree = "<group>"; };
		2A45C1AB2B8BC6AA00FD8F10 /* NFCService.swift */ = {isa = PBXFileReference; lastKnownFileType = sourcecode.swift; path = NFCService.swift; sourceTree = "<group>"; };
		2AD3516A2B89E1F700466EA3 /* Passport Authority.app */ = {isa = PBXFileReference; explicitFileType = wrapper.application; includeInIndex = 0; path = "Passport Authority.app"; sourceTree = BUILT_PRODUCTS_DIR; };
		2AD3516D2B89E1F700466EA3 /* Passport_WriterApp.swift */ = {isa = PBXFileReference; lastKnownFileType = sourcecode.swift; path = Passport_WriterApp.swift; sourceTree = "<group>"; };
		2AD3516F2B89E1F700466EA3 /* ContentView.swift */ = {isa = PBXFileReference; lastKnownFileType = sourcecode.swift; path = ContentView.swift; sourceTree = "<group>"; };
		2AD351712B89E1F800466EA3 /* Assets.xcassets */ = {isa = PBXFileReference; lastKnownFileType = folder.assetcatalog; path = Assets.xcassets; sourceTree = "<group>"; };
		2AD351742B89E1F800466EA3 /* Preview Assets.xcassets */ = {isa = PBXFileReference; lastKnownFileType = folder.assetcatalog; path = "Preview Assets.xcassets"; sourceTree = "<group>"; };
		2AD3517A2B89E1F900466EA3 /* Passport AuthorityTests.xctest */ = {isa = PBXFileReference; explicitFileType = wrapper.cfbundle; includeInIndex = 0; path = "Passport AuthorityTests.xctest"; sourceTree = BUILT_PRODUCTS_DIR; };
		2AD3517E2B89E1F900466EA3 /* Passport_WriterTests.swift */ = {isa = PBXFileReference; lastKnownFileType = sourcecode.swift; path = Passport_WriterTests.swift; sourceTree = "<group>"; };
		2AD351842B89E1F900466EA3 /* Passport AuthorityUITests.xctest */ = {isa = PBXFileReference; explicitFileType = wrapper.cfbundle; includeInIndex = 0; path = "Passport AuthorityUITests.xctest"; sourceTree = BUILT_PRODUCTS_DIR; };
		2AD351882B89E1F900466EA3 /* Passport_WriterUITests.swift */ = {isa = PBXFileReference; lastKnownFileType = sourcecode.swift; path = Passport_WriterUITests.swift; sourceTree = "<group>"; };
		2AD3518A2B89E1F900466EA3 /* Passport_WriterUITestsLaunchTests.swift */ = {isa = PBXFileReference; lastKnownFileType = sourcecode.swift; path = Passport_WriterUITestsLaunchTests.swift; sourceTree = "<group>"; };
		2AD3519B2B89EBAD00466EA3 /* StatusView.swift */ = {isa = PBXFileReference; lastKnownFileType = sourcecode.swift; path = StatusView.swift; sourceTree = "<group>"; };
		2AD3519D2B8AD09B00466EA3 /* PassportDetailView.swift */ = {isa = PBXFileReference; lastKnownFileType = sourcecode.swift; path = PassportDetailView.swift; sourceTree = "<group>"; };
		2AD351A42B8AF95800466EA3 /* DataService.swift */ = {isa = PBXFileReference; lastKnownFileType = sourcecode.swift; path = DataService.swift; sourceTree = "<group>"; };
		2AE04E5A2B8C4E9400CFB8DC /* Passport-Authority-Info.plist */ = {isa = PBXFileReference; lastKnownFileType = text.plist; path = "Passport-Authority-Info.plist"; sourceTree = SOURCE_ROOT; };
		E4AA5E462B8FBA2C0042A90F /* Config.plist */ = {isa = PBXFileReference; lastKnownFileType = text.plist.xml; path = Config.plist; sourceTree = "<group>"; };
		E4AA5E492B923F990042A90F /* SignIn.swift */ = {isa = PBXFileReference; lastKnownFileType = sourcecode.swift; path = SignIn.swift; sourceTree = "<group>"; };
/* End PBXFileReference section */

/* Begin PBXFrameworksBuildPhase section */
		2AD351672B89E1F700466EA3 /* Frameworks */ = {
			isa = PBXFrameworksBuildPhase;
			buildActionMask = 2147483647;
			files = (
				E4AA5E4D2B9245750042A90F /* KeychainSwift in Frameworks */,
				2A5F548B2B8EB96600E7F977 /* ConfettiSwiftUI in Frameworks */,
				2AD351A12B8AF84F00466EA3 /* Alamofire in Frameworks */,
			);
			runOnlyForDeploymentPostprocessing = 0;
		};
		2AD351772B89E1F900466EA3 /* Frameworks */ = {
			isa = PBXFrameworksBuildPhase;
			buildActionMask = 2147483647;
			files = (
			);
			runOnlyForDeploymentPostprocessing = 0;
		};
		2AD351812B89E1F900466EA3 /* Frameworks */ = {
			isa = PBXFrameworksBuildPhase;
			buildActionMask = 2147483647;
			files = (
			);
			runOnlyForDeploymentPostprocessing = 0;
		};
/* End PBXFrameworksBuildPhase section */

/* Begin PBXGroup section */
		2AD351612B89E1F700466EA3 = {
			isa = PBXGroup;
			children = (
				E4AA5E462B8FBA2C0042A90F /* Config.plist */,
				2AD3516C2B89E1F700466EA3 /* Passport Authority */,
				2AD3517D2B89E1F900466EA3 /* Passport AuthorityTests */,
				2AD351872B89E1F900466EA3 /* Passport AuthorityUITests */,
				2AD3516B2B89E1F700466EA3 /* Products */,
			);
			sourceTree = "<group>";
		};
		2AD3516B2B89E1F700466EA3 /* Products */ = {
			isa = PBXGroup;
			children = (
				2AD3516A2B89E1F700466EA3 /* Passport Authority.app */,
				2AD3517A2B89E1F900466EA3 /* Passport AuthorityTests.xctest */,
				2AD351842B89E1F900466EA3 /* Passport AuthorityUITests.xctest */,
			);
			name = Products;
			sourceTree = "<group>";
		};
		2AD3516C2B89E1F700466EA3 /* Passport Authority */ = {
			isa = PBXGroup;
			children = (
				2AE04E5A2B8C4E9400CFB8DC /* Passport-Authority-Info.plist */,
				2A45C1A82B8BC59900FD8F10 /* Passport Writer.entitlements */,
				2AD351A32B8AF94800466EA3 /* Services */,
				2AD3516D2B89E1F700466EA3 /* Passport_WriterApp.swift */,
				2AD3516F2B89E1F700466EA3 /* ContentView.swift */,
				2AD351712B89E1F800466EA3 /* Assets.xcassets */,
				2AD351732B89E1F800466EA3 /* Preview Content */,
				2AD3519B2B89EBAD00466EA3 /* StatusView.swift */,
				2AD3519D2B8AD09B00466EA3 /* PassportDetailView.swift */,
				E4AA5E492B923F990042A90F /* SignIn.swift */,
			);
			path = "Passport Authority";
			sourceTree = "<group>";
		};
		2AD351732B89E1F800466EA3 /* Preview Content */ = {
			isa = PBXGroup;
			children = (
				2AD351742B89E1F800466EA3 /* Preview Assets.xcassets */,
			);
			path = "Preview Content";
			sourceTree = "<group>";
		};
		2AD3517D2B89E1F900466EA3 /* Passport AuthorityTests */ = {
			isa = PBXGroup;
			children = (
				2AD3517E2B89E1F900466EA3 /* Passport_WriterTests.swift */,
			);
			path = "Passport AuthorityTests";
			sourceTree = "<group>";
		};
		2AD351872B89E1F900466EA3 /* Passport AuthorityUITests */ = {
			isa = PBXGroup;
			children = (
				2AD351882B89E1F900466EA3 /* Passport_WriterUITests.swift */,
				2AD3518A2B89E1F900466EA3 /* Passport_WriterUITestsLaunchTests.swift */,
			);
			path = "Passport AuthorityUITests";
			sourceTree = "<group>";
		};
		2AD351A32B8AF94800466EA3 /* Services */ = {
			isa = PBXGroup;
			children = (
				2AD351A42B8AF95800466EA3 /* DataService.swift */,
				2A45C1AB2B8BC6AA00FD8F10 /* NFCService.swift */,
			);
			path = Services;
			sourceTree = "<group>";
		};
/* End PBXGroup section */

/* Begin PBXNativeTarget section */
		2AD351692B89E1F700466EA3 /* Passport Authority */ = {
			isa = PBXNativeTarget;
			buildConfigurationList = 2AD3518E2B89E1F900466EA3 /* Build configuration list for PBXNativeTarget "Passport Authority" */;
			buildPhases = (
				2AD351662B89E1F700466EA3 /* Sources */,
				2AD351672B89E1F700466EA3 /* Frameworks */,
				2AD351682B89E1F700466EA3 /* Resources */,
			);
			buildRules = (
			);
			dependencies = (
			);
			name = "Passport Authority";
			packageProductDependencies = (
				2AD351A02B8AF84F00466EA3 /* Alamofire */,
				2A5F548A2B8EB96600E7F977 /* ConfettiSwiftUI */,
				E4AA5E4C2B9245750042A90F /* KeychainSwift */,
			);
			productName = "Passport Writer";
			productReference = 2AD3516A2B89E1F700466EA3 /* Passport Authority.app */;
			productType = "com.apple.product-type.application";
		};
		2AD351792B89E1F900466EA3 /* Passport AuthorityTests */ = {
			isa = PBXNativeTarget;
			buildConfigurationList = 2AD351912B89E1F900466EA3 /* Build configuration list for PBXNativeTarget "Passport AuthorityTests" */;
			buildPhases = (
				2AD351762B89E1F900466EA3 /* Sources */,
				2AD351772B89E1F900466EA3 /* Frameworks */,
				2AD351782B89E1F900466EA3 /* Resources */,
			);
			buildRules = (
			);
			dependencies = (
				2AD3517C2B89E1F900466EA3 /* PBXTargetDependency */,
			);
			name = "Passport AuthorityTests";
			productName = "Passport WriterTests";
			productReference = 2AD3517A2B89E1F900466EA3 /* Passport AuthorityTests.xctest */;
			productType = "com.apple.product-type.bundle.unit-test";
		};
		2AD351832B89E1F900466EA3 /* Passport AuthorityUITests */ = {
			isa = PBXNativeTarget;
			buildConfigurationList = 2AD351942B89E1F900466EA3 /* Build configuration list for PBXNativeTarget "Passport AuthorityUITests" */;
			buildPhases = (
				2AD351802B89E1F900466EA3 /* Sources */,
				2AD351812B89E1F900466EA3 /* Frameworks */,
				2AD351822B89E1F900466EA3 /* Resources */,
			);
			buildRules = (
			);
			dependencies = (
				2AD351862B89E1F900466EA3 /* PBXTargetDependency */,
			);
			name = "Passport AuthorityUITests";
			productName = "Passport WriterUITests";
			productReference = 2AD351842B89E1F900466EA3 /* Passport AuthorityUITests.xctest */;
			productType = "com.apple.product-type.bundle.ui-testing";
		};
/* End PBXNativeTarget section */

/* Begin PBXProject section */
		2AD351622B89E1F700466EA3 /* Project object */ = {
			isa = PBXProject;
			attributes = {
				BuildIndependentTargetsInParallel = 1;
				LastSwiftUpdateCheck = 1520;
				LastUpgradeCheck = 1520;
				TargetAttributes = {
					2AD351692B89E1F700466EA3 = {
						CreatedOnToolsVersion = 15.2;
					};
					2AD351792B89E1F900466EA3 = {
						CreatedOnToolsVersion = 15.2;
						TestTargetID = 2AD351692B89E1F700466EA3;
					};
					2AD351832B89E1F900466EA3 = {
						CreatedOnToolsVersion = 15.2;
						TestTargetID = 2AD351692B89E1F700466EA3;
					};
				};
			};
			buildConfigurationList = 2AD351652B89E1F700466EA3 /* Build configuration list for PBXProject "Passport Authority" */;
			compatibilityVersion = "Xcode 14.0";
			developmentRegion = en;
			hasScannedForEncodings = 0;
			knownRegions = (
				en,
				Base,
			);
			mainGroup = 2AD351612B89E1F700466EA3;
			packageReferences = (
				2AD3519F2B8AF84F00466EA3 /* XCRemoteSwiftPackageReference "Alamofire" */,
				2A5F54892B8EB96600E7F977 /* XCRemoteSwiftPackageReference "ConfettiSwiftUI" */,
				E4AA5E4B2B9245750042A90F /* XCRemoteSwiftPackageReference "keychain-swift" */,
			);
			productRefGroup = 2AD3516B2B89E1F700466EA3 /* Products */;
			projectDirPath = "";
			projectRoot = "";
			targets = (
				2AD351692B89E1F700466EA3 /* Passport Authority */,
				2AD351792B89E1F900466EA3 /* Passport AuthorityTests */,
				2AD351832B89E1F900466EA3 /* Passport AuthorityUITests */,
			);
		};
/* End PBXProject section */

/* Begin PBXResourcesBuildPhase section */
		2AD351682B89E1F700466EA3 /* Resources */ = {
			isa = PBXResourcesBuildPhase;
			buildActionMask = 2147483647;
			files = (
				2AD351752B89E1F800466EA3 /* Preview Assets.xcassets in Resources */,
				E4AA5E472B8FBA2C0042A90F /* Config.plist in Resources */,
				2AD351722B89E1F800466EA3 /* Assets.xcassets in Resources */,
			);
			runOnlyForDeploymentPostprocessing = 0;
		};
		2AD351782B89E1F900466EA3 /* Resources */ = {
			isa = PBXResourcesBuildPhase;
			buildActionMask = 2147483647;
			files = (
			);
			runOnlyForDeploymentPostprocessing = 0;
		};
		2AD351822B89E1F900466EA3 /* Resources */ = {
			isa = PBXResourcesBuildPhase;
			buildActionMask = 2147483647;
			files = (
			);
			runOnlyForDeploymentPostprocessing = 0;
		};
/* End PBXResourcesBuildPhase section */

/* Begin PBXSourcesBuildPhase section */
		2AD351662B89E1F700466EA3 /* Sources */ = {
			isa = PBXSourcesBuildPhase;
			buildActionMask = 2147483647;
			files = (
				2AD3519E2B8AD09B00466EA3 /* PassportDetailView.swift in Sources */,
				2A45C1AC2B8BC6AA00FD8F10 /* NFCService.swift in Sources */,
				2AD351702B89E1F700466EA3 /* ContentView.swift in Sources */,
				2AD3516E2B89E1F700466EA3 /* Passport_WriterApp.swift in Sources */,
				E4AA5E4A2B923F990042A90F /* SignIn.swift in Sources */,
				2AD3519C2B89EBAD00466EA3 /* StatusView.swift in Sources */,
				2AD351A52B8AF95800466EA3 /* DataService.swift in Sources */,
			);
			runOnlyForDeploymentPostprocessing = 0;
		};
		2AD351762B89E1F900466EA3 /* Sources */ = {
			isa = PBXSourcesBuildPhase;
			buildActionMask = 2147483647;
			files = (
				2AD3517F2B89E1F900466EA3 /* Passport_WriterTests.swift in Sources */,
			);
			runOnlyForDeploymentPostprocessing = 0;
		};
		2AD351802B89E1F900466EA3 /* Sources */ = {
			isa = PBXSourcesBuildPhase;
			buildActionMask = 2147483647;
			files = (
				2AD351892B89E1F900466EA3 /* Passport_WriterUITests.swift in Sources */,
				2AD3518B2B89E1F900466EA3 /* Passport_WriterUITestsLaunchTests.swift in Sources */,
			);
			runOnlyForDeploymentPostprocessing = 0;
		};
/* End PBXSourcesBuildPhase section */

/* Begin PBXTargetDependency section */
		2AD3517C2B89E1F900466EA3 /* PBXTargetDependency */ = {
			isa = PBXTargetDependency;
			target = 2AD351692B89E1F700466EA3 /* Passport Authority */;
			targetProxy = 2AD3517B2B89E1F900466EA3 /* PBXContainerItemProxy */;
		};
		2AD351862B89E1F900466EA3 /* PBXTargetDependency */ = {
			isa = PBXTargetDependency;
			target = 2AD351692B89E1F700466EA3 /* Passport Authority */;
			targetProxy = 2AD351852B89E1F900466EA3 /* PBXContainerItemProxy */;
		};
/* End PBXTargetDependency section */

/* Begin XCBuildConfiguration section */
		2AD3518C2B89E1F900466EA3 /* Debug */ = {
			isa = XCBuildConfiguration;
			buildSettings = {
				ALWAYS_SEARCH_USER_PATHS = NO;
				ASSETCATALOG_COMPILER_GENERATE_SWIFT_ASSET_SYMBOL_EXTENSIONS = YES;
				CLANG_ANALYZER_NONNULL = YES;
				CLANG_ANALYZER_NUMBER_OBJECT_CONVERSION = YES_AGGRESSIVE;
				CLANG_CXX_LANGUAGE_STANDARD = "gnu++20";
				CLANG_ENABLE_MODULES = YES;
				CLANG_ENABLE_OBJC_ARC = YES;
				CLANG_ENABLE_OBJC_WEAK = YES;
				CLANG_WARN_BLOCK_CAPTURE_AUTORELEASING = YES;
				CLANG_WARN_BOOL_CONVERSION = YES;
				CLANG_WARN_COMMA = YES;
				CLANG_WARN_CONSTANT_CONVERSION = YES;
				CLANG_WARN_DEPRECATED_OBJC_IMPLEMENTATIONS = YES;
				CLANG_WARN_DIRECT_OBJC_ISA_USAGE = YES_ERROR;
				CLANG_WARN_DOCUMENTATION_COMMENTS = YES;
				CLANG_WARN_EMPTY_BODY = YES;
				CLANG_WARN_ENUM_CONVERSION = YES;
				CLANG_WARN_INFINITE_RECURSION = YES;
				CLANG_WARN_INT_CONVERSION = YES;
				CLANG_WARN_NON_LITERAL_NULL_CONVERSION = YES;
				CLANG_WARN_OBJC_IMPLICIT_RETAIN_SELF = YES;
				CLANG_WARN_OBJC_LITERAL_CONVERSION = YES;
				CLANG_WARN_OBJC_ROOT_CLASS = YES_ERROR;
				CLANG_WARN_QUOTED_INCLUDE_IN_FRAMEWORK_HEADER = YES;
				CLANG_WARN_RANGE_LOOP_ANALYSIS = YES;
				CLANG_WARN_STRICT_PROTOTYPES = YES;
				CLANG_WARN_SUSPICIOUS_MOVE = YES;
				CLANG_WARN_UNGUARDED_AVAILABILITY = YES_AGGRESSIVE;
				CLANG_WARN_UNREACHABLE_CODE = YES;
				CLANG_WARN__DUPLICATE_METHOD_MATCH = YES;
				COPY_PHASE_STRIP = NO;
				DEBUG_INFORMATION_FORMAT = dwarf;
				ENABLE_STRICT_OBJC_MSGSEND = YES;
				ENABLE_TESTABILITY = YES;
				ENABLE_USER_SCRIPT_SANDBOXING = YES;
				GCC_C_LANGUAGE_STANDARD = gnu17;
				GCC_DYNAMIC_NO_PIC = NO;
				GCC_NO_COMMON_BLOCKS = YES;
				GCC_OPTIMIZATION_LEVEL = 0;
				GCC_PREPROCESSOR_DEFINITIONS = (
					"DEBUG=1",
					"$(inherited)",
				);
				GCC_WARN_64_TO_32_BIT_CONVERSION = YES;
				GCC_WARN_ABOUT_RETURN_TYPE = YES_ERROR;
				GCC_WARN_UNDECLARED_SELECTOR = YES;
				GCC_WARN_UNINITIALIZED_AUTOS = YES_AGGRESSIVE;
				GCC_WARN_UNUSED_FUNCTION = YES;
				GCC_WARN_UNUSED_VARIABLE = YES;
				IPHONEOS_DEPLOYMENT_TARGET = 17.2;
				LOCALIZATION_PREFERS_STRING_CATALOGS = YES;
				MTL_ENABLE_DEBUG_INFO = INCLUDE_SOURCE;
				MTL_FAST_MATH = YES;
				ONLY_ACTIVE_ARCH = YES;
				SDKROOT = iphoneos;
				SWIFT_ACTIVE_COMPILATION_CONDITIONS = "DEBUG $(inherited)";
				SWIFT_OPTIMIZATION_LEVEL = "-Onone";
			};
			name = Debug;
		};
		2AD3518D2B89E1F900466EA3 /* Release */ = {
			isa = XCBuildConfiguration;
			buildSettings = {
				ALWAYS_SEARCH_USER_PATHS = NO;
				ASSETCATALOG_COMPILER_GENERATE_SWIFT_ASSET_SYMBOL_EXTENSIONS = YES;
				CLANG_ANALYZER_NONNULL = YES;
				CLANG_ANALYZER_NUMBER_OBJECT_CONVERSION = YES_AGGRESSIVE;
				CLANG_CXX_LANGUAGE_STANDARD = "gnu++20";
				CLANG_ENABLE_MODULES = YES;
				CLANG_ENABLE_OBJC_ARC = YES;
				CLANG_ENABLE_OBJC_WEAK = YES;
				CLANG_WARN_BLOCK_CAPTURE_AUTORELEASING = YES;
				CLANG_WARN_BOOL_CONVERSION = YES;
				CLANG_WARN_COMMA = YES;
				CLANG_WARN_CONSTANT_CONVERSION = YES;
				CLANG_WARN_DEPRECATED_OBJC_IMPLEMENTATIONS = YES;
				CLANG_WARN_DIRECT_OBJC_ISA_USAGE = YES_ERROR;
				CLANG_WARN_DOCUMENTATION_COMMENTS = YES;
				CLANG_WARN_EMPTY_BODY = YES;
				CLANG_WARN_ENUM_CONVERSION = YES;
				CLANG_WARN_INFINITE_RECURSION = YES;
				CLANG_WARN_INT_CONVERSION = YES;
				CLANG_WARN_NON_LITERAL_NULL_CONVERSION = YES;
				CLANG_WARN_OBJC_IMPLICIT_RETAIN_SELF = YES;
				CLANG_WARN_OBJC_LITERAL_CONVERSION = YES;
				CLANG_WARN_OBJC_ROOT_CLASS = YES_ERROR;
				CLANG_WARN_QUOTED_INCLUDE_IN_FRAMEWORK_HEADER = YES;
				CLANG_WARN_RANGE_LOOP_ANALYSIS = YES;
				CLANG_WARN_STRICT_PROTOTYPES = YES;
				CLANG_WARN_SUSPICIOUS_MOVE = YES;
				CLANG_WARN_UNGUARDED_AVAILABILITY = YES_AGGRESSIVE;
				CLANG_WARN_UNREACHABLE_CODE = YES;
				CLANG_WARN__DUPLICATE_METHOD_MATCH = YES;
				COPY_PHASE_STRIP = NO;
				DEBUG_INFORMATION_FORMAT = "dwarf-with-dsym";
				ENABLE_NS_ASSERTIONS = NO;
				ENABLE_STRICT_OBJC_MSGSEND = YES;
				ENABLE_USER_SCRIPT_SANDBOXING = YES;
				GCC_C_LANGUAGE_STANDARD = gnu17;
				GCC_NO_COMMON_BLOCKS = YES;
				GCC_WARN_64_TO_32_BIT_CONVERSION = YES;
				GCC_WARN_ABOUT_RETURN_TYPE = YES_ERROR;
				GCC_WARN_UNDECLARED_SELECTOR = YES;
				GCC_WARN_UNINITIALIZED_AUTOS = YES_AGGRESSIVE;
				GCC_WARN_UNUSED_FUNCTION = YES;
				GCC_WARN_UNUSED_VARIABLE = YES;
				IPHONEOS_DEPLOYMENT_TARGET = 17.2;
				LOCALIZATION_PREFERS_STRING_CATALOGS = YES;
				MTL_ENABLE_DEBUG_INFO = NO;
				MTL_FAST_MATH = YES;
				SDKROOT = iphoneos;
				SWIFT_COMPILATION_MODE = wholemodule;
				VALIDATE_PRODUCT = YES;
			};
			name = Release;
		};
		2AD3518F2B89E1F900466EA3 /* Debug */ = {
			isa = XCBuildConfiguration;
			buildSettings = {
				ASSETCATALOG_COMPILER_APPICON_NAME = AppIcon;
				ASSETCATALOG_COMPILER_GLOBAL_ACCENT_COLOR_NAME = AccentColor;
				CODE_SIGN_ENTITLEMENTS = "Passport Authority/Passport Writer.entitlements";
				CODE_SIGN_STYLE = Automatic;
				CURRENT_PROJECT_VERSION = 1;
				DEVELOPMENT_ASSET_PATHS = "\"Passport Authority/Preview Content\"";
				DEVELOPMENT_TEAM = Z74U5327X4;
				ENABLE_PREVIEWS = YES;
				GENERATE_INFOPLIST_FILE = YES;
				INFOPLIST_FILE = "Passport-Authority-Info.plist";
				INFOPLIST_KEY_CFBundleDisplayName = Passports;
				INFOPLIST_KEY_LSApplicationCategoryType = "";
				INFOPLIST_KEY_NFCReaderUsageDescription = "Writing to Purdue Hackers passports & activating them";
				INFOPLIST_KEY_UIApplicationSceneManifest_Generation = YES;
				INFOPLIST_KEY_UIApplicationSupportsIndirectInputEvents = YES;
				INFOPLIST_KEY_UISupportedInterfaceOrientations = UIInterfaceOrientationPortrait;
				INFOPLIST_KEY_UISupportedInterfaceOrientations_iPad = "UIInterfaceOrientationLandscapeLeft UIInterfaceOrientationLandscapeRight UIInterfaceOrientationPortrait UIInterfaceOrientationPortraitUpsideDown";
				INFOPLIST_KEY_UIUserInterfaceStyle = Dark;
				LD_RUNPATH_SEARCH_PATHS = (
					"$(inherited)",
					"@executable_path/Frameworks",
				);
				MARKETING_VERSION = 1.0;
				PRODUCT_BUNDLE_IDENTIFIER = "me.matthewstanciu.Passport-Writer";
				PRODUCT_NAME = "$(TARGET_NAME)";
				SWIFT_EMIT_LOC_STRINGS = YES;
				SWIFT_VERSION = 5.0;
				TARGETED_DEVICE_FAMILY = "1,2";
			};
			name = Debug;
		};
		2AD351902B89E1F900466EA3 /* Release */ = {
			isa = XCBuildConfiguration;
			buildSettings = {
				ASSETCATALOG_COMPILER_APPICON_NAME = AppIcon;
				ASSETCATALOG_COMPILER_GLOBAL_ACCENT_COLOR_NAME = AccentColor;
				CODE_SIGN_ENTITLEMENTS = "Passport Authority/Passport Writer.entitlements";
				CODE_SIGN_STYLE = Automatic;
				CURRENT_PROJECT_VERSION = 1;
				DEVELOPMENT_ASSET_PATHS = "\"Passport Authority/Preview Content\"";
				DEVELOPMENT_TEAM = Z74U5327X4;
				ENABLE_PREVIEWS = YES;
				GENERATE_INFOPLIST_FILE = YES;
				INFOPLIST_FILE = "Passport-Authority-Info.plist";
				INFOPLIST_KEY_CFBundleDisplayName = Passports;
				INFOPLIST_KEY_LSApplicationCategoryType = "";
				INFOPLIST_KEY_NFCReaderUsageDescription = "Writing to Purdue Hackers passports & activating them";
				INFOPLIST_KEY_UIApplicationSceneManifest_Generation = YES;
				INFOPLIST_KEY_UIApplicationSupportsIndirectInputEvents = YES;
				INFOPLIST_KEY_UISupportedInterfaceOrientations = UIInterfaceOrientationPortrait;
				INFOPLIST_KEY_UISupportedInterfaceOrientations_iPad = "UIInterfaceOrientationLandscapeLeft UIInterfaceOrientationLandscapeRight UIInterfaceOrientationPortrait UIInterfaceOrientationPortraitUpsideDown";
				INFOPLIST_KEY_UIUserInterfaceStyle = Dark;
				LD_RUNPATH_SEARCH_PATHS = (
					"$(inherited)",
					"@executable_path/Frameworks",
				);
				MARKETING_VERSION = 1.0;
				PRODUCT_BUNDLE_IDENTIFIER = "me.matthewstanciu.Passport-Writer";
				PRODUCT_NAME = "$(TARGET_NAME)";
				SWIFT_EMIT_LOC_STRINGS = YES;
				SWIFT_VERSION = 5.0;
				TARGETED_DEVICE_FAMILY = "1,2";
			};
			name = Release;
		};
		2AD351922B89E1F900466EA3 /* Debug */ = {
			isa = XCBuildConfiguration;
			buildSettings = {
				ALWAYS_EMBED_SWIFT_STANDARD_LIBRARIES = YES;
				BUNDLE_LOADER = "$(TEST_HOST)";
				CODE_SIGN_STYLE = Automatic;
				CURRENT_PROJECT_VERSION = 1;
				DEVELOPMENT_TEAM = QT423GZX3C;
				GENERATE_INFOPLIST_FILE = YES;
				IPHONEOS_DEPLOYMENT_TARGET = 17.2;
				MARKETING_VERSION = 1.0;
				PRODUCT_BUNDLE_IDENTIFIER = "me.matthewstanciu.Passport-WriterTests";
				PRODUCT_NAME = "$(TARGET_NAME)";
				SWIFT_EMIT_LOC_STRINGS = NO;
				SWIFT_VERSION = 5.0;
				TARGETED_DEVICE_FAMILY = "1,2";
				TEST_HOST = "$(BUILT_PRODUCTS_DIR)/Passport Authority.app/$(BUNDLE_EXECUTABLE_FOLDER_PATH)/Passport Authority";
			};
			name = Debug;
		};
		2AD351932B89E1F900466EA3 /* Release */ = {
			isa = XCBuildConfiguration;
			buildSettings = {
				ALWAYS_EMBED_SWIFT_STANDARD_LIBRARIES = YES;
				BUNDLE_LOADER = "$(TEST_HOST)";
				CODE_SIGN_STYLE = Automatic;
				CURRENT_PROJECT_VERSION = 1;
				DEVELOPMENT_TEAM = QT423GZX3C;
				GENERATE_INFOPLIST_FILE = YES;
				IPHONEOS_DEPLOYMENT_TARGET = 17.2;
				MARKETING_VERSION = 1.0;
				PRODUCT_BUNDLE_IDENTIFIER = "me.matthewstanciu.Passport-WriterTests";
				PRODUCT_NAME = "$(TARGET_NAME)";
				SWIFT_EMIT_LOC_STRINGS = NO;
				SWIFT_VERSION = 5.0;
				TARGETED_DEVICE_FAMILY = "1,2";
				TEST_HOST = "$(BUILT_PRODUCTS_DIR)/Passport Authority.app/$(BUNDLE_EXECUTABLE_FOLDER_PATH)/Passport Authority";
			};
			name = Release;
		};
		2AD351952B89E1F900466EA3 /* Debug */ = {
			isa = XCBuildConfiguration;
			buildSettings = {
				ALWAYS_EMBED_SWIFT_STANDARD_LIBRARIES = YES;
				CODE_SIGN_STYLE = Automatic;
				CURRENT_PROJECT_VERSION = 1;
				DEVELOPMENT_TEAM = QT423GZX3C;
				GENERATE_INFOPLIST_FILE = YES;
				MARKETING_VERSION = 1.0;
				PRODUCT_BUNDLE_IDENTIFIER = "me.matthewstanciu.Passport-WriterUITests";
				PRODUCT_NAME = "$(TARGET_NAME)";
				SWIFT_EMIT_LOC_STRINGS = NO;
				SWIFT_VERSION = 5.0;
				TARGETED_DEVICE_FAMILY = "1,2";
				TEST_TARGET_NAME = "Passport Authority";
			};
			name = Debug;
		};
		2AD351962B89E1F900466EA3 /* Release */ = {
			isa = XCBuildConfiguration;
			buildSettings = {
				ALWAYS_EMBED_SWIFT_STANDARD_LIBRARIES = YES;
				CODE_SIGN_STYLE = Automatic;
				CURRENT_PROJECT_VERSION = 1;
				DEVELOPMENT_TEAM = QT423GZX3C;
				GENERATE_INFOPLIST_FILE = YES;
				MARKETING_VERSION = 1.0;
				PRODUCT_BUNDLE_IDENTIFIER = "me.matthewstanciu.Passport-WriterUITests";
				PRODUCT_NAME = "$(TARGET_NAME)";
				SWIFT_EMIT_LOC_STRINGS = NO;
				SWIFT_VERSION = 5.0;
				TARGETED_DEVICE_FAMILY = "1,2";
				TEST_TARGET_NAME = "Passport Authority";
			};
			name = Release;
		};
/* End XCBuildConfiguration section */

/* Begin XCConfigurationList section */
		2AD351652B89E1F700466EA3 /* Build configuration list for PBXProject "Passport Authority" */ = {
			isa = XCConfigurationList;
			buildConfigurations = (
				2AD3518C2B89E1F900466EA3 /* Debug */,
				2AD3518D2B89E1F900466EA3 /* Release */,
			);
			defaultConfigurationIsVisible = 0;
			defaultConfigurationName = Release;
		};
		2AD3518E2B89E1F900466EA3 /* Build configuration list for PBXNativeTarget "Passport Authority" */ = {
			isa = XCConfigurationList;
			buildConfigurations = (
				2AD3518F2B89E1F900466EA3 /* Debug */,
				2AD351902B89E1F900466EA3 /* Release */,
			);
			defaultConfigurationIsVisible = 0;
			defaultConfigurationName = Release;
		};
		2AD351912B89E1F900466EA3 /* Build configuration list for PBXNativeTarget "Passport AuthorityTests" */ = {
			isa = XCConfigurationList;
			buildConfigurations = (
				2AD351922B89E1F900466EA3 /* Debug */,
				2AD351932B89E1F900466EA3 /* Release */,
			);
			defaultConfigurationIsVisible = 0;
			defaultConfigurationName = Release;
		};
		2AD351942B89E1F900466EA3 /* Build configuration list for PBXNativeTarget "Passport AuthorityUITests" */ = {
			isa = XCConfigurationList;
			buildConfigurations = (
				2AD351952B89E1F900466EA3 /* Debug */,
				2AD351962B89E1F900466EA3 /* Release */,
			);
			defaultConfigurationIsVisible = 0;
			defaultConfigurationName = Release;
		};
/* End XCConfigurationList section */

/* Begin XCRemoteSwiftPackageReference section */
		2A5F54892B8EB96600E7F977 /* XCRemoteSwiftPackageReference "ConfettiSwiftUI" */ = {
			isa = XCRemoteSwiftPackageReference;
			repositoryURL = "https://github.com/simibac/ConfettiSwiftUI.git";
			requirement = {
				kind = upToNextMajorVersion;
				minimumVersion = 1.1.0;
			};
		};
		2AD3519F2B8AF84F00466EA3 /* XCRemoteSwiftPackageReference "Alamofire" */ = {
			isa = XCRemoteSwiftPackageReference;
			repositoryURL = "https://github.com/Alamofire/Alamofire.git";
			requirement = {
				kind = upToNextMajorVersion;
				minimumVersion = 5.8.1;
			};
		};
		E4AA5E4B2B9245750042A90F /* XCRemoteSwiftPackageReference "keychain-swift" */ = {
			isa = XCRemoteSwiftPackageReference;
			repositoryURL = "https://github.com/evgenyneu/keychain-swift";
			requirement = {
				kind = upToNextMajorVersion;
				minimumVersion = 21.0.0;
			};
		};
/* End XCRemoteSwiftPackageReference section */

/* Begin XCSwiftPackageProductDependency section */
		2A5F548A2B8EB96600E7F977 /* ConfettiSwiftUI */ = {
			isa = XCSwiftPackageProductDependency;
			package = 2A5F54892B8EB96600E7F977 /* XCRemoteSwiftPackageReference "ConfettiSwiftUI" */;
			productName = ConfettiSwiftUI;
		};
		2AD351A02B8AF84F00466EA3 /* Alamofire */ = {
			isa = XCSwiftPackageProductDependency;
			package = 2AD3519F2B8AF84F00466EA3 /* XCRemoteSwiftPackageReference "Alamofire" */;
			productName = Alamofire;
		};
		E4AA5E4C2B9245750042A90F /* KeychainSwift */ = {
			isa = XCSwiftPackageProductDependency;
			package = E4AA5E4B2B9245750042A90F /* XCRemoteSwiftPackageReference "keychain-swift" */;
			productName = KeychainSwift;
		};
/* End XCSwiftPackageProductDependency section */
	};
	rootObject = 2AD351622B89E1F700466EA3 /* Project object */;
}
